
Microsoft Visual Studio Solution File, Format Version 12.00
# Visual Studio 2012
Project("{FAE04EC0-301F-11D3-BF4B-00C04F79EFBC}") = "DairyManager", "DairyManager\DairyManager.csproj", "{7E13DF4F-1675-4644-9E73-610341A7D44B}"
EndProject
Project("{FAE04EC0-301F-11D3-BF4B-00C04F79EFBC}") = "Diary.DAL", "Diary.DAL\Diary.DAL.csproj", "{DD1362F6-C374-4AB3-95CC-B3F963426B1B}"
EndProject
Project("{FAE04EC0-301F-11D3-BF4B-00C04F79EFBC}") = "Diary.BLL", "Dairy.BLL\Diary.BLL.csproj", "{9DB422F5-5343-426D-BD0C-FDECC52D2D1B}"
EndProject
Project("{FAE04EC0-301F-11D3-BF4B-00C04F79EFBC}") = "Diary.Entity", "Diary.Entity\Diary.Entity.csproj", "{C1E071EC-7CA2-473B-AC17-4402D8258B6A}"
EndProject
Project("{FAE04EC0-301F-11D3-BF4B-00C04F79EFBC}") = "Diary.Common", "Diary.Common\Diary.Common.csproj", "{ACB1A16A-2150-4E42-9CB9-4E1E828A138E}"
EndProject
Project("{FAE04EC0-301F-11D3-BF4B-00C04F79EFBC}") = "Diary.UserManagement", "Diary.UserManagement\Diary.UserManagement.csproj", "{6FB6ECC5-93F1-4675-804B-B13852F9BEB5}"
EndProject
Project("{FAE04EC0-301F-11D3-BF4B-00C04F79EFBC}") = "Dairy.Utility", "Dairy.Utility\Dairy.Utility.csproj", "{CF8B2166-2C24-4B3C-8EF8-BF57B4D69DC1}"
EndProject
Global
	GlobalSection(SolutionConfigurationPlatforms) = preSolution
		Debug|Any CPU = Debug|Any CPU
		Release|Any CPU = Release|Any CPU
	EndGlobalSection
	GlobalSection(ProjectConfigurationPlatforms) = postSolution
		{7E13DF4F-1675-4644-9E73-610341A7D44B}.Debug|Any CPU.ActiveCfg = Debug|Any CPU
		{7E13DF4F-1675-4644-9E73-610341A7D44B}.Debug|Any CPU.Build.0 = Debug|Any CPU
		{7E13DF4F-1675-4644-9E73-610341A7D44B}.Release|Any CPU.ActiveCfg = Release|Any CPU
		{7E13DF4F-1675-4644-9E73-610341A7D44B}.Release|Any CPU.Build.0 = Release|Any CPU
		{DD1362F6-C374-4AB3-95CC-B3F963426B1B}.Debug|Any CPU.ActiveCfg = Debug|Any CPU
		{DD1362F6-C374-4AB3-95CC-B3F963426B1B}.Debug|Any CPU.Build.0 = Debug|Any CPU
		{DD1362F6-C374-4AB3-95CC-B3F963426B1B}.Release|Any CPU.ActiveCfg = Release|Any CPU
		{DD1362F6-C374-4AB3-95CC-B3F963426B1B}.Release|Any CPU.Build.0 = Release|Any CPU
		{9DB422F5-5343-426D-BD0C-FDECC52D2D1B}.Debug|Any CPU.ActiveCfg = Debug|Any CPU
		{9DB422F5-5343-426D-BD0C-FDECC52D2D1B}.Debug|Any CPU.Build.0 = Debug|Any CPU
		{9DB422F5-5343-426D-BD0C-FDECC52D2D1B}.Release|Any CPU.ActiveCfg = Release|Any CPU
		{9DB422F5-5343-426D-BD0C-FDECC52D2D1B}.Release|Any CPU.Build.0 = Release|Any CPU
		{C1E071EC-7CA2-473B-AC17-4402D8258B6A}.Debug|Any CPU.ActiveCfg = Debug|Any CPU
		{C1E071EC-7CA2-473B-AC17-4402D8258B6A}.Debug|Any CPU.Build.0 = Debug|Any CPU
		{C1E071EC-7CA2-473B-AC17-4402D8258B6A}.Release|Any CPU.ActiveCfg = Release|Any CPU
		{C1E071EC-7CA2-473B-AC17-4402D8258B6A}.Release|Any CPU.Build.0 = Release|Any CPU
		{ACB1A16A-2150-4E42-9CB9-4E1E828A138E}.Debug|Any CPU.ActiveCfg = Debug|Any CPU
		{ACB1A16A-2150-4E42-9CB9-4E1E828A138E}.Debug|Any CPU.Build.0 = Debug|Any CPU
		{ACB1A16A-2150-4E42-9CB9-4E1E828A138E}.Release|Any CPU.ActiveCfg = Release|Any CPU
		{ACB1A16A-2150-4E42-9CB9-4E1E828A138E}.Release|Any CPU.Build.0 = Release|Any CPU
		{6FB6ECC5-93F1-4675-804B-B13852F9BEB5}.Debug|Any CPU.ActiveCfg = Debug|Any CPU
		{6FB6ECC5-93F1-4675-804B-B13852F9BEB5}.Debug|Any CPU.Build.0 = Debug|Any CPU
		{6FB6ECC5-93F1-4675-804B-B13852F9BEB5}.Release|Any CPU.ActiveCfg = Release|Any CPU
		{6FB6ECC5-93F1-4675-804B-B13852F9BEB5}.Release|Any CPU.Build.0 = Release|Any CPU
		{CF8B2166-2C24-4B3C-8EF8-BF57B4D69DC1}.Debug|Any CPU.ActiveCfg = Debug|Any CPU
		{CF8B2166-2C24-4B3C-8EF8-BF57B4D69DC1}.Debug|Any CPU.Build.0 = Debug|Any CPU
		{CF8B2166-2C24-4B3C-8EF8-BF57B4D69DC1}.Release|Any CPU.ActiveCfg = Release|Any CPU
		{CF8B2166-2C24-4B3C-8EF8-BF57B4D69DC1}.Release|Any CPU.Build.0 = Release|Any CPU
	EndGlobalSection
	GlobalSection(SolutionProperties) = preSolution
		HideSolutionNode = FALSE
	EndGlobalSection
EndGlobal
